{
  "name": "app",
  "version": "1.0.0",
  "lockfileVersion": 1,
  "requires": true,
  "dependencies": {
    "@dcloudio/uni-ui": {
      "version": "1.2.8",
      "resolved": "https://registry.npm.taobao.org/@dcloudio/uni-ui/download/@dcloudio/uni-ui-1.2.8.tgz?cache=0&sync_timestamp=1605785775606&other_urls=https%3A%2F%2Fregistry.npm.taobao.org%2F%40dcloudio%2Funi-ui%2Fdownload%2F%40dcloudio%2Funi-ui-1.2.8.tgz",
      "integrity": "sha1-fzENJR3ybH54vzz/MCO2b7H3AgQ=",
      "dev": true
    },
    "animejs": {
      "version": "3.2.0",
      "resolved": "https://registry.npm.taobao.org/animejs/download/animejs-3.2.0.tgz",
      "integrity": "sha1-La6nNlmDJJAizEVPpyas20qENF0="
    }
  }
}
